Microsoft Visual Studio Solution File, Format Version 12.00
# Visual Studio Version 17
VisualStudioVersion = 17.3.32922.545
MinimumVisualStudioVersion = 10.0.40219.1
Project("{9A19103F-16F7-4668-BE54-9A1E7A4F7556}") = "protodumplib", "protodumplib\protodumplib.csproj", "{5F3E71D8-F5A3-4594-9224-98B5CFDC64CB}"
EndProject
Project("{9A19103F-16F7-4668-BE54-9A1E7A4F7556}") = "tests", "tests\tests.csproj", "{D4421B89-CFBF-4677-9C36-4C67EC4AFEB4}"
EndProject
Project("{9A19103F-16F7-4668-BE54-9A1E7A4F7556}") = "SharedClasses", "SharedClasses\SharedClasses.csproj", "{73B88839-C270-484F-936E-3D2E6F272013}"
EndProject
Project("{2150E333-8FDC-42A3-9474-1A3956D46DE8}") = "Solution Items", "Solution Items", "{D577D044-907E-40B8-97A2-02A6B81BD7DA}"
	ProjectSection(SolutionItems) = preProject
		README.md = README.md
	EndProjectSection
EndProject
Global
	GlobalSection(SolutionConfigurationPlatforms) = preSolution
		Debug|Any CPU = Debug|Any CPU
		Release|Any CPU = Release|Any CPU
	EndGlobalSection
	GlobalSection(ProjectConfigurationPlatforms) = postSolution
		{5F3E71D8-F5A3-4594-9224-98B5CFDC64CB}.Debug|Any CPU.ActiveCfg = Debug|Any CPU
		{5F3E71D8-F5A3-4594-9224-98B5CFDC64CB}.Debug|Any CPU.Build.0 = Debug|Any CPU
		{5F3E71D8-F5A3-4594-9224-98B5CFDC64CB}.Release|Any CPU.ActiveCfg = Release|Any CPU
		{5F3E71D8-F5A3-4594-9224-98B5CFDC64CB}.Release|Any CPU.Build.0 = Release|Any CPU
		{D4421B89-CFBF-4677-9C36-4C67EC4AFEB4}.Debug|Any CPU.ActiveCfg = Debug|Any CPU
		{D4421B89-CFBF-4677-9C36-4C67EC4AFEB4}.Debug|Any CPU.Build.0 = Debug|Any CPU
		{D4421B89-CFBF-4677-9C36-4C67EC4AFEB4}.Release|Any CPU.ActiveCfg = Release|Any CPU
		{D4421B89-CFBF-4677-9C36-4C67EC4AFEB4}.Release|Any CPU.Build.0 = Release|Any CPU
		{73B88839-C270-484F-936E-3D2E6F272013}.Debug|Any CPU.ActiveCfg = Debug|Any CPU
		{73B88839-C270-484F-936E-3D2E6F272013}.Debug|Any CPU.Build.0 = Debug|Any CPU
		{73B88839-C270-484F-936E-3D2E6F272013}.Release|Any CPU.ActiveCfg = Release|Any CPU
		{73B88839-C270-484F-936E-3D2E6F272013}.Release|Any CPU.Build.0 = Release|Any CPU
	EndGlobalSection
	GlobalSection(SolutionProperties) = preSolution
		HideSolutionNode = FALSE
	EndGlobalSection
	GlobalSection(ExtensibilityGlobals) = postSolution
		SolutionGuid = {6AFFB958-5DE7-4A39-B31F-BDCB3EBCCDD8}
	EndGlobalSection
EndGlobal
